
Microsoft Visual Studio Solution File, Format Version 12.00
# Visual Studio Version 16
VisualStudioVersion = 16.0.29911.84
MinimumVisualStudioVersion = 10.0.40219.1
Project("{FAE04EC0-301F-11D3-BF4B-00C04F79EFBC}") = "Loja", "Loja\Loja.csproj", "{6B98AD08-F4C0-40EC-A666-AE4FEFD11FD1}"
EndProject
Global
	GlobalSection(SolutionConfigurationPlatforms) = preSolution
		Debug|Any CPU = Debug|Any CPU
		Release|Any CPU = Release|Any CPU
	EndGlobalSection
	GlobalSection(ProjectConfigurationPlatforms) = postSolution
		{6B98AD08-F4C0-40EC-A666-AE4FEFD11FD1}.Debug|Any CPU.ActiveCfg = Debug|Any CPU
		{6B98AD08-F4C0-40EC-A666-AE4FEFD11FD1}.Debug|Any CPU.Build.0 = Debug|Any CPU
		{6B98AD08-F4C0-40EC-A666-AE4FEFD11FD1}.Release|Any CPU.ActiveCfg = Release|Any CPU
		{6B98AD08-F4C0-40EC-A666-AE4FEFD11FD1}.Release|Any CPU.Build.0 = Release|Any CPU
	EndGlobalSection
	GlobalSection(SolutionProperties) = preSolution
		HideSolutionNode = FALSE
	EndGlobalSection
	GlobalSection(ExtensibilityGlobals) = postSolution
		SolutionGuid = {CB8E4154-9046-4B41-A60D-C0D770E41B1A}
	EndGlobalSection
EndGlobal
